
Microsoft Visual Studio Solution File, Format Version 12.00
# Visual Studio Version 17
VisualStudioVersion = 17.4.33205.214
MinimumVisualStudioVersion = 10.0.40219.1
Project("{9A19103F-16F7-4668-BE54-9A1E7A4F7556}") = "Domain", "Domain\Domain.csproj", "{77B70E24-20AF-4A7A-A54B-B6769DD905CD}"
EndProject
Project("{9A19103F-16F7-4668-BE54-9A1E7A4F7556}") = "Application", "Application\Application.csproj", "{852CA549-C3B0-4044-B689-3363B1C628B9}"
EndProject
Project("{9A19103F-16F7-4668-BE54-9A1E7A4F7556}") = "Infrastructure", "Infrastructure\Infrastructure.csproj", "{38C1CCB1-55F7-4C51-8481-A2FC92CCCC01}"
EndProject
Project("{FAE04EC0-301F-11D3-BF4B-00C04F79EFBC}") = "Api", "Api\Api.csproj", "{616E3F28-6D01-4EDD-8A5F-E5EF17A379B9}"
EndProject
Project("{FAE04EC0-301F-11D3-BF4B-00C04F79EFBC}") = "UnitTest", "UnitTest\UnitTest.csproj", "{DDDF3033-EC2E-4EAD-811E-BB5707DB0660}"
EndProject
Global
	GlobalSection(SolutionConfigurationPlatforms) = preSolution
		Debug|Any CPU = Debug|Any CPU
		Release|Any CPU = Release|Any CPU
	EndGlobalSection
	GlobalSection(ProjectConfigurationPlatforms) = postSolution
		{77B70E24-20AF-4A7A-A54B-B6769DD905CD}.Debug|Any CPU.ActiveCfg = Debug|Any CPU
		{77B70E24-20AF-4A7A-A54B-B6769DD905CD}.Debug|Any CPU.Build.0 = Debug|Any CPU
		{77B70E24-20AF-4A7A-A54B-B6769DD905CD}.Release|Any CPU.ActiveCfg = Release|Any CPU
		{77B70E24-20AF-4A7A-A54B-B6769DD905CD}.Release|Any CPU.Build.0 = Release|Any CPU
		{852CA549-C3B0-4044-B689-3363B1C628B9}.Debug|Any CPU.ActiveCfg = Debug|Any CPU
		{852CA549-C3B0-4044-B689-3363B1C628B9}.Debug|Any CPU.Build.0 = Debug|Any CPU
		{852CA549-C3B0-4044-B689-3363B1C628B9}.Release|Any CPU.ActiveCfg = Release|Any CPU
		{852CA549-C3B0-4044-B689-3363B1C628B9}.Release|Any CPU.Build.0 = Release|Any CPU
		{38C1CCB1-55F7-4C51-8481-A2FC92CCCC01}.Debug|Any CPU.ActiveCfg = Debug|Any CPU
		{38C1CCB1-55F7-4C51-8481-A2FC92CCCC01}.Debug|Any CPU.Build.0 = Debug|Any CPU
		{38C1CCB1-55F7-4C51-8481-A2FC92CCCC01}.Release|Any CPU.ActiveCfg = Release|Any CPU
		{38C1CCB1-55F7-4C51-8481-A2FC92CCCC01}.Release|Any CPU.Build.0 = Release|Any CPU
		{616E3F28-6D01-4EDD-8A5F-E5EF17A379B9}.Debug|Any CPU.ActiveCfg = Debug|Any CPU
		{616E3F28-6D01-4EDD-8A5F-E5EF17A379B9}.Debug|Any CPU.Build.0 = Debug|Any CPU
		{616E3F28-6D01-4EDD-8A5F-E5EF17A379B9}.Release|Any CPU.ActiveCfg = Release|Any CPU
		{616E3F28-6D01-4EDD-8A5F-E5EF17A379B9}.Release|Any CPU.Build.0 = Release|Any CPU
		{DDDF3033-EC2E-4EAD-811E-BB5707DB0660}.Debug|Any CPU.ActiveCfg = Debug|Any CPU
		{DDDF3033-EC2E-4EAD-811E-BB5707DB0660}.Debug|Any CPU.Build.0 = Debug|Any CPU
		{DDDF3033-EC2E-4EAD-811E-BB5707DB0660}.Release|Any CPU.ActiveCfg = Release|Any CPU
		{DDDF3033-EC2E-4EAD-811E-BB5707DB0660}.Release|Any CPU.Build.0 = Release|Any CPU
	EndGlobalSection
	GlobalSection(SolutionProperties) = preSolution
		HideSolutionNode = FALSE
	EndGlobalSection
	GlobalSection(ExtensibilityGlobals) = postSolution
		SolutionGuid = {2C7417BF-4666-4B24-A46A-AC2484762302}
	EndGlobalSection
EndGlobal
